// !$*UTF8*$!
{
	archiveVersion = 1;
	classes = {
	};
	objectVersion = 46;
	objects = {

/* Begin PBXBuildFile section */
		6BC609E81BFD8CFE00CF565C /* main.m in Sources */ = {isa = PBXBuildFile; fileRef = 6BC609E71BFD8CFE00CF565C /* main.m */; };
		6BC609EB1BFD8CFE00CF565C /* AppDelegate.m in Sources */ = {isa = PBXBuildFile; fileRef = 6BC609EA1BFD8CFE00CF565C /* AppDelegate.m */; };
		6BC609F11BFD8CFE00CF565C /* Main.storyboard in Resources */ = {isa = PBXBuildFile; fileRef = 6BC609EF1BFD8CFE00CF565C /* Main.storyboard */; };
		6BC609F31BFD8CFE00CF565C /* Assets.xcassets in Resources */ = {isa = PBXBuildFile; fileRef = 6BC609F21BFD8CFE00CF565C /* Assets.xcassets */; };
		6BC609F61BFD8CFE00CF565C /* LaunchScreen.storyboard in Resources */ = {isa = PBXBuildFile; fileRef = 6BC609F41BFD8CFE00CF565C /* LaunchScreen.storyboard */; };
		6BC60A011BFD8CFE00CF565C /* CollectorNaivgationTests.m in Sources */ = {isa = PBXBuildFile; fileRef = 6BC60A001BFD8CFE00CF565C /* CollectorNaivgationTests.m */; };
		6BC60A0C1BFD8CFE00CF565C /* CollectorNaivgationUITests.m in Sources */ = {isa = PBXBuildFile; fileRef = 6BC60A0B1BFD8CFE00CF565C /* CollectorNaivgationUITests.m */; };
		6BC60A1B1BFD927500CF565C /* Collector.m in Sources */ = {isa = PBXBuildFile; fileRef = 6BC60A1A1BFD927500CF565C /* Collector.m */; settings = {ASSET_TAGS = (); }; };
		6BC60A2C1BFDA4B800CF565C /* CollectorViewController.m in Sources */ = {isa = PBXBuildFile; fileRef = 6BC60A2A1BFDA4B800CF565C /* CollectorViewController.m */; settings = {ASSET_TAGS = (); }; };
		6BC60A2D1BFDA4B800CF565C /* CollectorViewController.xib in Resources */ = {isa = PBXBuildFile; fileRef = 6BC60A2B1BFDA4B800CF565C /* CollectorViewController.xib */; settings = {ASSET_TAGS = (); }; };
		6BC60A311BFDA4CD00CF565C /* MainViewController.m in Sources */ = {isa = PBXBuildFile; fileRef = 6BC60A2F1BFDA4CD00CF565C /* MainViewController.m */; settings = {ASSET_TAGS = (); }; };
		6BC60A321BFDA4CD00CF565C /* MainViewController.xib in Resources */ = {isa = PBXBuildFile; fileRef = 6BC60A301BFDA4CD00CF565C /* MainViewController.xib */; settings = {ASSET_TAGS = (); }; };
		6BC60A351BFDAD6000CF565C /* ResponseObject.m in Sources */ = {isa = PBXBuildFile; fileRef = 6BC60A341BFDAD6000CF565C /* ResponseObject.m */; settings = {ASSET_TAGS = (); }; };
		6BC60A3D1BFDB0E300CF565C /* NSDictionary+JSONParse.m in Sources */ = {isa = PBXBuildFile; fileRef = 6BC60A3C1BFDB0E300CF565C /* NSDictionary+JSONParse.m */; settings = {ASSET_TAGS = (); }; };
		6BC60A401BFDB57E00CF565C /* APIClient.m in Sources */ = {isa = PBXBuildFile; fileRef = 6BC60A3F1BFDB57E00CF565C /* APIClient.m */; settings = {ASSET_TAGS = (); }; };
		9B69DD01B5E84ECDBC71DE88 /* libPods.a in Frameworks */ = {isa = PBXBuildFile; fileRef = 98A3F3CF9EFBFFE0488AB3AB /* libPods.a */; };
/* End PBXBuildFile section */

/* Begin PBXContainerItemProxy section */
		6BC609FD1BFD8CFE00CF565C /* PBXContainerItemProxy */ = {
			isa = PBXContainerItemProxy;
			containerPortal = 6BC609DB1BFD8CFE00CF565C /* Project object */;
			proxyType = 1;
			remoteGlobalIDString = 6BC609E21BFD8CFE00CF565C;
			remoteInfo = CollectorNaivgation;
		};
		6BC60A081BFD8CFE00CF565C /* PBXContainerItemProxy */ = {
			isa = PBXContainerItemProxy;
			containerPortal = 6BC609DB1BFD8CFE00CF565C /* Project object */;
			proxyType = 1;
			remoteGlobalIDString = 6BC609E21BFD8CFE00CF565C;
			remoteInfo = CollectorNaivgation;
		};
/* End PBXContainerItemProxy section */

/* Begin PBXFileReference section */
		30FB22AD3496CC0664BB4AAF /* Pods.debug.xcconfig */ = {isa = PBXFileReference; includeInIndex = 1; lastKnownFileType = text.xcconfig; name = Pods.debug.xcconfig; path = "Pods/Target Support Files/Pods/Pods.debug.xcconfig"; sourceTree = "<group>"; };
		6BC609E31BFD8CFE00CF565C /* CollectorNaivgation.app */ = {isa = PBXFileReference; explicitFileType = wrapper.application; includeInIndex = 0; path = CollectorNaivgation.app; sourceTree = BUILT_PRODUCTS_DIR; };
		6BC609E71BFD8CFE00CF565C /* main.m */ = {isa = PBXFileReference; lastKnownFileType = sourcecode.c.objc; path = main.m; sourceTree = "<group>"; };
		6BC609E91BFD8CFE00CF565C /* AppDelegate.h */ = {isa = PBXFileReference; lastKnownFileType = sourcecode.c.h; path = AppDelegate.h; sourceTree = "<group>"; };
		6BC609EA1BFD8CFE00CF565C /* AppDelegate.m */ = {isa = PBXFileReference; lastKnownFileType = sourcecode.c.objc; path = AppDelegate.m; sourceTree = "<group>"; };
		6BC609F01BFD8CFE00CF565C /* Base */ = {isa = PBXFileReference; lastKnownFileType = file.storyboard; name = Base; path = Base.lproj/Main.storyboard; sourceTree = "<group>"; };
		6BC609F21BFD8CFE00CF565C /* Assets.xcassets */ = {isa = PBXFileReference; lastKnownFileType = folder.assetcatalog; path = Assets.xcassets; sourceTree = "<group>"; };
		6BC609F51BFD8CFE00CF565C /* Base */ = {isa = PBXFileReference; lastKnownFileType = file.storyboard; name = Base; path = Base.lproj/LaunchScreen.storyboard; sourceTree = "<group>"; };
		6BC609F71BFD8CFE00CF565C /* Info.plist */ = {isa = PBXFileReference; lastKnownFileType = text.plist.xml; path = Info.plist; sourceTree = "<group>"; };
		6BC609FC1BFD8CFE00CF565C /* CollectorNaivgationTests.xctest */ = {isa = PBXFileReference; explicitFileType = wrapper.cfbundle; includeInIndex = 0; path = CollectorNaivgationTests.xctest; sourceTree = BUILT_PRODUCTS_DIR; };
		6BC60A001BFD8CFE00CF565C /* CollectorNaivgationTests.m */ = {isa = PBXFileReference; lastKnownFileType = sourcecode.c.objc; path = CollectorNaivgationTests.m; sourceTree = "<group>"; };
		6BC60A021BFD8CFE00CF565C /* Info.plist */ = {isa = PBXFileReference; lastKnownFileType = text.plist.xml; path = Info.plist; sourceTree = "<group>"; };
		6BC60A071BFD8CFE00CF565C /* CollectorNaivgationUITests.xctest */ = {isa = PBXFileReference; explicitFileType = wrapper.cfbundle; includeInIndex = 0; path = CollectorNaivgationUITests.xctest; sourceTree = BUILT_PRODUCTS_DIR; };
		6BC60A0B1BFD8CFE00CF565C /* CollectorNaivgationUITests.m */ = {isa = PBXFileReference; lastKnownFileType = sourcecode.c.objc; path = CollectorNaivgationUITests.m; sourceTree = "<group>"; };
		6BC60A0D1BFD8CFE00CF565C /* Info.plist */ = {isa = PBXFileReference; lastKnownFileType = text.plist.xml; path = Info.plist; sourceTree = "<group>"; };
		6BC60A191BFD927500CF565C /* Collector.h */ = {isa = PBXFileReference; fileEncoding = 4; lastKnownFileType = sourcecode.c.h; name = Collector.h; path = model/Collector.h; sourceTree = "<group>"; };
		6BC60A1A1BFD927500CF565C /* Collector.m */ = {isa = PBXFileReference; fileEncoding = 4; lastKnownFileType = sourcecode.c.objc; name = Collector.m; path = model/Collector.m; sourceTree = "<group>"; };
		6BC60A291BFDA4B800CF565C /* CollectorViewController.h */ = {isa = PBXFileReference; fileEncoding = 4; lastKnownFileType = sourcecode.c.h; name = CollectorViewController.h; path = Controller/CollectorViewController.h; sourceTree = "<group>"; };
		6BC60A2A1BFDA4B800CF565C /* CollectorViewController.m */ = {isa = PBXFileReference; fileEncoding = 4; lastKnownFileType = sourcecode.c.objc; name = CollectorViewController.m; path = Controller/CollectorViewController.m; sourceTree = "<group>"; };
		6BC60A2B1BFDA4B800CF565C /* CollectorViewController.xib */ = {isa = PBXFileReference; fileEncoding = 4; lastKnownFileType = file.xib; name = CollectorViewController.xib; path = Controller/CollectorViewController.xib; sourceTree = "<group>"; };
		6BC60A2E1BFDA4CD00CF565C /* MainViewController.h */ = {isa = PBXFileReference; fileEncoding = 4; lastKnownFileType = sourcecode.c.h; name = MainViewController.h; path = Controller/MainViewController.h; sourceTree = "<group>"; };
		6BC60A2F1BFDA4CD00CF565C /* MainViewController.m */ = {isa = PBXFileReference; fileEncoding = 4; lastKnownFileType = sourcecode.c.objc; name = MainViewController.m; path = Controller/MainViewController.m; sourceTree = "<group>"; };
		6BC60A301BFDA4CD00CF565C /* MainViewController.xib */ = {isa = PBXFileReference; fileEncoding = 4; lastKnownFileType = file.xib; name = MainViewController.xib; path = Controller/MainViewController.xib; sourceTree = "<group>"; };
		6BC60A331BFDAD6000CF565C /* ResponseObject.h */ = {isa = PBXFileReference; fileEncoding = 4; lastKnownFileType = sourcecode.c.h; name = ResponseObject.h; path = model/ResponseObject.h; sourceTree = "<group>"; };
		6BC60A341BFDAD6000CF565C /* ResponseObject.m */ = {isa = PBXFileReference; fileEncoding = 4; lastKnownFileType = sourcecode.c.objc; name = ResponseObject.m; path = model/ResponseObject.m; sourceTree = "<group>"; };
		6BC60A361BFDADDC00CF565C /* ObjectParseProtocol.h */ = {isa = PBXFileReference; fileEncoding = 4; lastKnownFileType = sourcecode.c.h; name = ObjectParseProtocol.h; path = model/ObjectParseProtocol.h; sourceTree = "<group>"; };
		6BC60A3B1BFDB0E300CF565C /* NSDictionary+JSONParse.h */ = {isa = PBXFileReference; fileEncoding = 4; lastKnownFileType = sourcecode.c.h; name = "NSDictionary+JSONParse.h"; path = "Category/NSDictionary+JSONParse.h"; sourceTree = "<group>"; };
		6BC60A3C1BFDB0E300CF565C /* NSDictionary+JSONParse.m */ = {isa = PBXFileReference; fileEncoding = 4; lastKnownFileType = sourcecode.c.objc; name = "NSDictionary+JSONParse.m"; path = "Category/NSDictionary+JSONParse.m"; sourceTree = "<group>"; };
		6BC60A3E1BFDB57E00CF565C /* APIClient.h */ = {isa = PBXFileReference; fileEncoding = 4; lastKnownFileType = sourcecode.c.h; name = APIClient.h; path = model/APIClient.h; sourceTree = "<group>"; };
		6BC60A3F1BFDB57E00CF565C /* APIClient.m */ = {isa = PBXFileReference; fileEncoding = 4; lastKnownFileType = sourcecode.c.objc; name = APIClient.m; path = model/APIClient.m; sourceTree = "<group>"; };
		98A3F3CF9EFBFFE0488AB3AB /* libPods.a */ = {isa = PBXFileReference; explicitFileType = archive.ar; includeInIndex = 0; path = libPods.a; sourceTree = BUILT_PRODUCTS_DIR; };
		D4D862051A76E7BAE37A03BF /* Pods.release.xcconfig */ = {isa = PBXFileReference; includeInIndex = 1; lastKnownFileType = text.xcconfig; name = Pods.release.xcconfig; path = "Pods/Target Support Files/Pods/Pods.release.xcconfig"; sourceTree = "<group>"; };
/* End PBXFileReference section */

/* Begin PBXFrameworksBuildPhase section */
		6BC609E01BFD8CFE00CF565C /* Frameworks */ = {
			isa = PBXFrameworksBuildPhase;
			buildActionMask = 2147483647;
			files = (
				9B69DD01B5E84ECDBC71DE88 /* libPods.a in Frameworks */,
			);
			runOnlyForDeploymentPostprocessing = 0;
		};
		6BC609F91BFD8CFE00CF565C /* Frameworks */ = {
			isa = PBXFrameworksBuildPhase;
			buildActionMask = 2147483647;
			files = (
			);
			runOnlyForDeploymentPostprocessing = 0;
		};
		6BC60A041BFD8CFE00CF565C /* Frameworks */ = {
			isa = PBXFrameworksBuildPhase;
			buildActionMask = 2147483647;
			files = (
			);
			runOnlyForDeploymentPostprocessing = 0;
		};
/* End PBXFrameworksBuildPhase section */

/* Begin PBXGroup section */
		5073514346DDD05EB00782F2 /* Frameworks */ = {
			isa = PBXGroup;
			children = (
				98A3F3CF9EFBFFE0488AB3AB /* libPods.a */,
			);
			name = Frameworks;
			sourceTree = "<group>";
		};
		6BC609DA1BFD8CFE00CF565C = {
			isa = PBXGroup;
			children = (
				6BC609E51BFD8CFE00CF565C /* CollectorNaivgation */,
				6BC609FF1BFD8CFE00CF565C /* CollectorNaivgationTests */,
				6BC60A0A1BFD8CFE00CF565C /* CollectorNaivgationUITests */,
				6BC609E41BFD8CFE00CF565C /* Products */,
				F951C5F7DEB6340AA173EFD7 /* Pods */,
				5073514346DDD05EB00782F2 /* Frameworks */,
			);
			sourceTree = "<group>";
		};
		6BC609E41BFD8CFE00CF565C /* Products */ = {
			isa = PBXGroup;
			children = (
				6BC609E31BFD8CFE00CF565C /* CollectorNaivgation.app */,
				6BC609FC1BFD8CFE00CF565C /* CollectorNaivgationTests.xctest */,
				6BC60A071BFD8CFE00CF565C /* CollectorNaivgationUITests.xctest */,
			);
			name = Products;
			sourceTree = "<group>";
		};
		6BC609E51BFD8CFE00CF565C /* CollectorNaivgation */ = {
			isa = PBXGroup;
			children = (
				6BC609E91BFD8CFE00CF565C /* AppDelegate.h */,
				6BC609EA1BFD8CFE00CF565C /* AppDelegate.m */,
				6BC60A411BFDC06800CF565C /* View */,
				6BC60A201BFD987200CF565C /* Controller */,
				6BC60A1C1BFD928300CF565C /* Model */,
				6BC60A3A1BFDB0B200CF565C /* Category */,
				6BC609E61BFD8CFE00CF565C /* Supporting Files */,
			);
			path = CollectorNaivgation;
			sourceTree = "<group>";
		};
		6BC609E61BFD8CFE00CF565C /* Supporting Files */ = {
			isa = PBXGroup;
			children = (
				6BC609F21BFD8CFE00CF565C /* Assets.xcassets */,
				6BC609F41BFD8CFE00CF565C /* LaunchScreen.storyboard */,
				6BC609F71BFD8CFE00CF565C /* Info.plist */,
				6BC609E71BFD8CFE00CF565C /* main.m */,
			);
			name = "Supporting Files";
			sourceTree = "<group>";
		};
		6BC609FF1BFD8CFE00CF565C /* CollectorNaivgationTests */ = {
			isa = PBXGroup;
			children = (
				6BC60A001BFD8CFE00CF565C /* CollectorNaivgationTests.m */,
				6BC60A021BFD8CFE00CF565C /* Info.plist */,
			);
			path = CollectorNaivgationTests;
			sourceTree = "<group>";
		};
		6BC60A0A1BFD8CFE00CF565C /* CollectorNaivgationUITests */ = {
			isa = PBXGroup;
			children = (
				6BC60A0B1BFD8CFE00CF565C /* CollectorNaivgationUITests.m */,
				6BC60A0D1BFD8CFE00CF565C /* Info.plist */,
			);
			path = CollectorNaivgationUITests;
			sourceTree = "<group>";
		};
		6BC60A1C1BFD928300CF565C /* Model */ = {
			isa = PBXGroup;
			children = (
				6BC60A191BFD927500CF565C /* Collector.h */,
				6BC60A1A1BFD927500CF565C /* Collector.m */,
				6BC60A331BFDAD6000CF565C /* ResponseObject.h */,
				6BC60A341BFDAD6000CF565C /* ResponseObject.m */,
				6BC60A361BFDADDC00CF565C /* ObjectParseProtocol.h */,
				6BC60A3E1BFDB57E00CF565C /* APIClient.h */,
				6BC60A3F1BFDB57E00CF565C /* APIClient.m */,
			);
			name = Model;
			sourceTree = "<group>";
		};
		6BC60A201BFD987200CF565C /* Controller */ = {
			isa = PBXGroup;
			children = (
				6BC60A2E1BFDA4CD00CF565C /* MainViewController.h */,
				6BC60A2F1BFDA4CD00CF565C /* MainViewController.m */,
				6BC60A301BFDA4CD00CF565C /* MainViewController.xib */,
				6BC60A291BFDA4B800CF565C /* CollectorViewController.h */,
				6BC60A2A1BFDA4B800CF565C /* CollectorViewController.m */,
				6BC60A2B1BFDA4B800CF565C /* CollectorViewController.xib */,
			);
			name = Controller;
			sourceTree = "<group>";
		};
		6BC60A3A1BFDB0B200CF565C /* Category */ = {
			isa = PBXGroup;
			children = (
				6BC60A3B1BFDB0E300CF565C /* NSDictionary+JSONParse.h */,
				6BC60A3C1BFDB0E300CF565C /* NSDictionary+JSONParse.m */,
			);
			name = Category;
			sourceTree = "<group>";
		};
		6BC60A411BFDC06800CF565C /* View */ = {
			isa = PBXGroup;
			children = (
				6BC609EF1BFD8CFE00CF565C /* Main.storyboard */,
			);
			name = View;
			sourceTree = "<group>";
		};
		F951C5F7DEB6340AA173EFD7 /* Pods */ = {
			isa = PBXGroup;
			children = (
				30FB22AD3496CC0664BB4AAF /* Pods.debug.xcconfig */,
				D4D862051A76E7BAE37A03BF /* Pods.release.xcconfig */,
			);
			name = Pods;
			sourceTree = "<group>";
		};
/* End PBXGroup section */

/* Begin PBXNativeTarget section */
		6BC609E21BFD8CFE00CF565C /* CollectorNaivgation */ = {
			isa = PBXNativeTarget;
			buildConfigurationList = 6BC60A101BFD8CFE00CF565C /* Build configuration list for PBXNativeTarget "CollectorNaivgation" */;
			buildPhases = (
				3862ACEAD2118354AD11ACA9 /* Check Pods Manifest.lock */,
				6BC609DF1BFD8CFE00CF565C /* Sources */,
				6BC609E01BFD8CFE00CF565C /* Frameworks */,
				6BC609E11BFD8CFE00CF565C /* Resources */,
				260C91769F2188AE238B3DFD /* Embed Pods Frameworks */,
				53F6A4D3CA6E424939C83CC0 /* Copy Pods Resources */,
			);
			buildRules = (
			);
			dependencies = (
			);
			name = CollectorNaivgation;
			productName = CollectorNaivgation;
			productReference = 6BC609E31BFD8CFE00CF565C /* CollectorNaivgation.app */;
			productType = "com.apple.product-type.application";
		};
		6BC609FB1BFD8CFE00CF565C /* CollectorNaivgationTests */ = {
			isa = PBXNativeTarget;
			buildConfigurationList = 6BC60A131BFD8CFE00CF565C /* Build configuration list for PBXNativeTarget "CollectorNaivgationTests" */;
			buildPhases = (
				6BC609F81BFD8CFE00CF565C /* Sources */,
				6BC609F91BFD8CFE00CF565C /* Frameworks */,
				6BC609FA1BFD8CFE00CF565C /* Resources */,
			);
			buildRules = (
			);
			dependencies = (
				6BC609FE1BFD8CFE00CF565C /* PBXTargetDependency */,
			);
			name = CollectorNaivgationTests;
			productName = CollectorNaivgationTests;
			productReference = 6BC609FC1BFD8CFE00CF565C /* CollectorNaivgationTests.xctest */;
			productType = "com.apple.product-type.bundle.unit-test";
		};
		6BC60A061BFD8CFE00CF565C /* CollectorNaivgationUITests */ = {
			isa = PBXNativeTarget;
			buildConfigurationList = 6BC60A161BFD8CFE00CF565C /* Build configuration list for PBXNativeTarget "CollectorNaivgationUITests" */;
			buildPhases = (
				6BC60A031BFD8CFE00CF565C /* Sources */,
				6BC60A041BFD8CFE00CF565C /* Frameworks */,
				6BC60A051BFD8CFE00CF565C /* Resources */,
			);
			buildRules = (
			);
			dependencies = (
				6BC60A091BFD8CFE00CF565C /* PBXTargetDependency */,
			);
			name = CollectorNaivgationUITests;
			productName = CollectorNaivgationUITests;
			productReference = 6BC60A071BFD8CFE00CF565C /* CollectorNaivgationUITests.xctest */;
			productType = "com.apple.product-type.bundle.ui-testing";
		};
/* End PBXNativeTarget section */

/* Begin PBXProject section */
		6BC609DB1BFD8CFE00CF565C /* Project object */ = {
			isa = PBXProject;
			attributes = {
				LastUpgradeCheck = 0700;
				ORGANIZATIONNAME = nmlab;
				TargetAttributes = {
					6BC609E21BFD8CFE00CF565C = {
						CreatedOnToolsVersion = 7.0;
						DevelopmentTeam = HLE64JEVJ5;
					};
					6BC609FB1BFD8CFE00CF565C = {
						CreatedOnToolsVersion = 7.0;
						DevelopmentTeam = HLE64JEVJ5;
						TestTargetID = 6BC609E21BFD8CFE00CF565C;
					};
					6BC60A061BFD8CFE00CF565C = {
						CreatedOnToolsVersion = 7.0;
						DevelopmentTeam = HLE64JEVJ5;
						TestTargetID = 6BC609E21BFD8CFE00CF565C;
					};
				};
			};
			buildConfigurationList = 6BC609DE1BFD8CFE00CF565C /* Build configuration list for PBXProject "CollectorNaivgation" */;
			compatibilityVersion = "Xcode 3.2";
			developmentRegion = English;
			hasScannedForEncodings = 0;
			knownRegions = (
				en,
				Base,
			);
			mainGroup = 6BC609DA1BFD8CFE00CF565C;
			productRefGroup = 6BC609E41BFD8CFE00CF565C /* Products */;
			projectDirPath = "";
			projectRoot = "";
			targets = (
				6BC609E21BFD8CFE00CF565C /* CollectorNaivgation */,
				6BC609FB1BFD8CFE00CF565C /* CollectorNaivgationTests */,
				6BC60A061BFD8CFE00CF565C /* CollectorNaivgationUITests */,
			);
		};
/* End PBXProject section */

/* Begin PBXResourcesBuildPhase section */
		6BC609E11BFD8CFE00CF565C /* Resources */ = {
			isa = PBXResourcesBuildPhase;
			buildActionMask = 2147483647;
			files = (
				6BC609F61BFD8CFE00CF565C /* LaunchScreen.storyboard in Resources */,
				6BC60A2D1BFDA4B800CF565C /* CollectorViewController.xib in Resources */,
				6BC60A321BFDA4CD00CF565C /* MainViewController.xib in Resources */,
				6BC609F31BFD8CFE00CF565C /* Assets.xcassets in Resources */,
				6BC609F11BFD8CFE00CF565C /* Main.storyboard in Resources */,
			);
			runOnlyForDeploymentPostprocessing = 0;
		};
		6BC609FA1BFD8CFE00CF565C /* Resources */ = {
			isa = PBXResourcesBuildPhase;
			buildActionMask = 2147483647;
			files = (
			);
			runOnlyForDeploymentPostprocessing = 0;
		};
		6BC60A051BFD8CFE00CF565C /* Resources */ = {
			isa = PBXResourcesBuildPhase;
			buildActionMask = 2147483647;
			files = (
			);
			runOnlyForDeploymentPostprocessing = 0;
		};
/* End PBXResourcesBuildPhase section */

/* Begin PBXShellScriptBuildPhase section */
		260C91769F2188AE238B3DFD /* Embed Pods Frameworks */ = {
			isa = PBXShellScriptBuildPhase;
			buildActionMask = 2147483647;
			files = (
			);
			inputPaths = (
			);
			name = "Embed Pods Frameworks";
			outputPaths = (
			);
			runOnlyForDeploymentPostprocessing = 0;
			shellPath = /bin/sh;
			shellScript = "\"${SRCROOT}/Pods/Target Support Files/Pods/Pods-frameworks.sh\"\n";
			showEnvVarsInLog = 0;
		};
		3862ACEAD2118354AD11ACA9 /* Check Pods Manifest.lock */ = {
			isa = PBXShellScriptBuildPhase;
			buildActionMask = 2147483647;
			files = (
			);
			inputPaths = (
			);
			name = "Check Pods Manifest.lock";
			outputPaths = (
			);
			runOnlyForDeploymentPostprocessing = 0;
			shellPath = /bin/sh;
			shellScript = "diff \"${PODS_ROOT}/../Podfile.lock\" \"${PODS_ROOT}/Manifest.lock\" > /dev/null\nif [[ $? != 0 ]] ; then\n    cat << EOM\nerror: The sandbox is not in sync with the Podfile.lock. Run 'pod install' or update your CocoaPods installation.\nEOM\n    exit 1\nfi\n";
			showEnvVarsInLog = 0;
		};
		53F6A4D3CA6E424939C83CC0 /* Copy Pods Resources */ = {
			isa = PBXShellScriptBuildPhase;
			buildActionMask = 2147483647;
			files = (
			);
			inputPaths = (
			);
			name = "Copy Pods Resources";
			outputPaths = (
			);
			runOnlyForDeploymentPostprocessing = 0;
			shellPath = /bin/sh;
			shellScript = "\"${SRCROOT}/Pods/Target Support Files/Pods/Pods-resources.sh\"\n";
			showEnvVarsInLog = 0;
		};
/* End PBXShellScriptBuildPhase section */

/* Begin PBXSourcesBuildPhase section */
		6BC609DF1BFD8CFE00CF565C /* Sources */ = {
			isa = PBXSourcesBuildPhase;
			buildActionMask = 2147483647;
			files = (
				6BC60A1B1BFD927500CF565C /* Collector.m in Sources */,
				6BC60A3D1BFDB0E300CF565C /* NSDictionary+JSONParse.m in Sources */,
				6BC60A351BFDAD6000CF565C /* ResponseObject.m in Sources */,
				6BC60A2C1BFDA4B800CF565C /* CollectorViewController.m in Sources */,
				6BC609EB1BFD8CFE00CF565C /* AppDelegate.m in Sources */,
				6BC60A311BFDA4CD00CF565C /* MainViewController.m in Sources */,
				6BC609E81BFD8CFE00CF565C /* main.m in Sources */,
				6BC60A401BFDB57E00CF565C /* APIClient.m in Sources */,
			);
			runOnlyForDeploymentPostprocessing = 0;
		};
		6BC609F81BFD8CFE00CF565C /* Sources */ = {
			isa = PBXSourcesBuildPhase;
			buildActionMask = 2147483647;
			files = (
				6BC60A011BFD8CFE00CF565C /* CollectorNaivgationTests.m in Sources */,
			);
			runOnlyForDeploymentPostprocessing = 0;
		};
		6BC60A031BFD8CFE00CF565C /* Sources */ = {
			isa = PBXSourcesBuildPhase;
			buildActionMask = 2147483647;
			files = (
				6BC60A0C1BFD8CFE00CF565C /* CollectorNaivgationUITests.m in Sources */,
			);
			runOnlyForDeploymentPostprocessing = 0;
		};
/* End PBXSourcesBuildPhase section */

/* Begin PBXTargetDependency section */
		6BC609FE1BFD8CFE00CF565C /* PBXTargetDependency */ = {
			isa = PBXTargetDependency;
			target = 6BC609E21BFD8CFE00CF565C /* CollectorNaivgation */;
			targetProxy = 6BC609FD1BFD8CFE00CF565C /* PBXContainerItemProxy */;
		};
		6BC60A091BFD8CFE00CF565C /* PBXTargetDependency */ = {
			isa = PBXTargetDependency;
			target = 6BC609E21BFD8CFE00CF565C /* CollectorNaivgation */;
			targetProxy = 6BC60A081BFD8CFE00CF565C /* PBXContainerItemProxy */;
		};
/* End PBXTargetDependency section */

/* Begin PBXVariantGroup section */
		6BC609EF1BFD8CFE00CF565C /* Main.storyboard */ = {
			isa = PBXVariantGroup;
			children = (
				6BC609F01BFD8CFE00CF565C /* Base */,
			);
			name = Main.storyboard;
			sourceTree = "<group>";
		};
		6BC609F41BFD8CFE00CF565C /* LaunchScreen.storyboard */ = {
			isa = PBXVariantGroup;
			children = (
				6BC609F51BFD8CFE00CF565C /* Base */,
			);
			name = LaunchScreen.storyboard;
			sourceTree = "<group>";
		};
/* End PBXVariantGroup section */

/* Begin XCBuildConfiguration section */
		6BC60A0E1BFD8CFE00CF565C /* Debug */ = {
			isa = XCBuildConfiguration;
			buildSettings = {
				ALWAYS_SEARCH_USER_PATHS = NO;
				CLANG_CXX_LANGUAGE_STANDARD = "gnu++0x";
				CLANG_CXX_LIBRARY = "libc++";
				CLANG_ENABLE_MODULES = YES;
				CLANG_ENABLE_OBJC_ARC = YES;
				CLANG_WARN_BOOL_CONVERSION = YES;
				CLANG_WARN_CONSTANT_CONVERSION = YES;
				CLANG_WARN_DIRECT_OBJC_ISA_USAGE = YES_ERROR;
				CLANG_WARN_EMPTY_BODY = YES;
				CLANG_WARN_ENUM_CONVERSION = YES;
				CLANG_WARN_INT_CONVERSION = YES;
				CLANG_WARN_OBJC_ROOT_CLASS = YES_ERROR;
				CLANG_WARN_UNREACHABLE_CODE = YES;
				CLANG_WARN__DUPLICATE_METHOD_MATCH = YES;
				"CODE_SIGN_IDENTITY[sdk=iphoneos*]" = "iPhone Developer";
				COPY_PHASE_STRIP = NO;
				DEBUG_INFORMATION_FORMAT = dwarf;
				ENABLE_STRICT_OBJC_MSGSEND = YES;
				ENABLE_TESTABILITY = YES;
				GCC_C_LANGUAGE_STANDARD = gnu99;
				GCC_DYNAMIC_NO_PIC = NO;
				GCC_NO_COMMON_BLOCKS = YES;
				GCC_OPTIMIZATION_LEVEL = 0;
				GCC_PREPROCESSOR_DEFINITIONS = (
					"DEBUG=1",
					"$(inherited)",
				);
				GCC_WARN_64_TO_32_BIT_CONVERSION = YES;
				GCC_WARN_ABOUT_RETURN_TYPE = YES_ERROR;
				GCC_WARN_UNDECLARED_SELECTOR = YES;
				GCC_WARN_UNINITIALIZED_AUTOS = YES_AGGRESSIVE;
				GCC_WARN_UNUSED_FUNCTION = YES;
				GCC_WARN_UNUSED_VARIABLE = YES;
				IPHONEOS_DEPLOYMENT_TARGET = 9.0;
				MTL_ENABLE_DEBUG_INFO = YES;
				ONLY_ACTIVE_ARCH = YES;
				SDKROOT = iphoneos;
				TARGETED_DEVICE_FAMILY = "1,2";
			};
			name = Debug;
		};
		6BC60A0F1BFD8CFE00CF565C /* Release */ = {
			isa = XCBuildConfiguration;
			buildSettings = {
				ALWAYS_SEARCH_USER_PATHS = NO;
				CLANG_CXX_LANGUAGE_STANDARD = "gnu++0x";
				CLANG_CXX_LIBRARY = "libc++";
				CLANG_ENABLE_MODULES = YES;
				CLANG_ENABLE_OBJC_ARC = YES;
				CLANG_WARN_BOOL_CONVERSION = YES;
				CLANG_WARN_CONSTANT_CONVERSION = YES;
				CLANG_WARN_DIRECT_OBJC_ISA_USAGE = YES_ERROR;
				CLANG_WARN_EMPTY_BODY = YES;
				CLANG_WARN_ENUM_CONVERSION = YES;
				CLANG_WARN_INT_CONVERSION = YES;
				CLANG_WARN_OBJC_ROOT_CLASS = YES_ERROR;
				CLANG_WARN_UNREACHABLE_CODE = YES;
				CLANG_WARN__DUPLICATE_METHOD_MATCH = YES;
				"CODE_SIGN_IDENTITY[sdk=iphoneos*]" = "iPhone Developer";
				COPY_PHASE_STRIP = NO;
				DEBUG_INFORMATION_FORMAT = "dwarf-with-dsym";
				ENABLE_NS_ASSERTIONS = NO;
				ENABLE_STRICT_OBJC_MSGSEND = YES;
				GCC_C_LANGUAGE_STANDARD = gnu99;
				GCC_NO_COMMON_BLOCKS = YES;
				GCC_WARN_64_TO_32_BIT_CONVERSION = YES;
				GCC_WARN_ABOUT_RETURN_TYPE = YES_ERROR;
				GCC_WARN_UNDECLARED_SELECTOR = YES;
				GCC_WARN_UNINITIALIZED_AUTOS = YES_AGGRESSIVE;
				GCC_WARN_UNUSED_FUNCTION = YES;
				GCC_WARN_UNUSED_VARIABLE = YES;
				IPHONEOS_DEPLOYMENT_TARGET = 9.0;
				MTL_ENABLE_DEBUG_INFO = NO;
				SDKROOT = iphoneos;
				TARGETED_DEVICE_FAMILY = "1,2";
				VALIDATE_PRODUCT = YES;
			};
			name = Release;
		};
		6BC60A111BFD8CFE00CF565C /* Debug */ = {
			isa = XCBuildConfiguration;
			baseConfigurationReference = 30FB22AD3496CC0664BB4AAF /* Pods.debug.xcconfig */;
			buildSettings = {
				ASSETCATALOG_COMPILER_APPICON_NAME = AppIcon;
				INFOPLIST_FILE = CollectorNaivgation/Info.plist;
				IPHONEOS_DEPLOYMENT_TARGET = 8.0;
				LD_RUNPATH_SEARCH_PATHS = "$(inherited) @executable_path/Frameworks";
				PRODUCT_BUNDLE_IDENTIFIER = edu.zju.nmlab.CollectorNaivgation;
				PRODUCT_NAME = "$(TARGET_NAME)";
				TARGETED_DEVICE_FAMILY = 1;
			};
			name = Debug;
		};
		6BC60A121BFD8CFE00CF565C /* Release */ = {
			isa = XCBuildConfiguration;
			baseConfigurationReference = D4D862051A76E7BAE37A03BF /* Pods.release.xcconfig */;
			buildSettings = {
				ASSETCATALOG_COMPILER_APPICON_NAME = AppIcon;
				INFOPLIST_FILE = CollectorNaivgation/Info.plist;
				IPHONEOS_DEPLOYMENT_TARGET = 8.0;
				LD_RUNPATH_SEARCH_PATHS = "$(inherited) @executable_path/Frameworks";
				PRODUCT_BUNDLE_IDENTIFIER = edu.zju.nmlab.CollectorNaivgation;
				PRODUCT_NAME = "$(TARGET_NAME)";
				TARGETED_DEVICE_FAMILY = 1;
			};
			name = Release;
		};
		6BC60A141BFD8CFE00CF565C /* Debug */ = {
			isa = XCBuildConfiguration;
			buildSettings = {
				BUNDLE_LOADER = "$(TEST_HOST)";
				INFOPLIST_FILE = CollectorNaivgationTests/Info.plist;
				LD_RUNPATH_SEARCH_PATHS = "$(inherited) @executable_path/Frameworks @loader_path/Frameworks";
				PRODUCT_BUNDLE_IDENTIFIER = edu.zju.nmlab.CollectorNaivgationTests;
				PRODUCT_NAME = "$(TARGET_NAME)";
				TEST_HOST = "$(BUILT_PRODUCTS_DIR)/CollectorNaivgation.app/CollectorNaivgation";
			};
			name = Debug;
		};
		6BC60A151BFD8CFE00CF565C /* Release */ = {
			isa = XCBuildConfiguration;
			buildSettings = {
				BUNDLE_LOADER = "$(TEST_HOST)";
				INFOPLIST_FILE = CollectorNaivgationTests/Info.plist;
				LD_RUNPATH_SEARCH_PATHS = "$(inherited) @executable_path/Frameworks @loader_path/Frameworks";
				PRODUCT_BUNDLE_IDENTIFIER = edu.zju.nmlab.CollectorNaivgationTests;
				PRODUCT_NAME = "$(TARGET_NAME)";
				TEST_HOST = "$(BUILT_PRODUCTS_DIR)/CollectorNaivgation.app/CollectorNaivgation";
			};
			name = Release;
		};
		6BC60A171BFD8CFE00CF565C /* Debug */ = {
			isa = XCBuildConfiguration;
			buildSettings = {
				INFOPLIST_FILE = CollectorNaivgationUITests/Info.plist;
				LD_RUNPATH_SEARCH_PATHS = "$(inherited) @executable_path/Frameworks @loader_path/Frameworks";
				PRODUCT_BUNDLE_IDENTIFIER = edu.zju.nmlab.CollectorNaivgationUITests;
				PRODUCT_NAME = "$(TARGET_NAME)";
				TEST_TARGET_NAME = CollectorNaivgation;
				USES_XCTRUNNER = YES;
			};
			name = Debug;
		};
		6BC60A181BFD8CFE00CF565C /* Release */ = {
			isa = XCBuildConfiguration;
			buildSettings = {
				INFOPLIST_FILE = CollectorNaivgationUITests/Info.plist;
				LD_RUNPATH_SEARCH_PATHS = "$(inherited) @executable_path/Frameworks @loader_path/Frameworks";
				PRODUCT_BUNDLE_IDENTIFIER = edu.zju.nmlab.CollectorNaivgationUITests;
				PRODUCT_NAME = "$(TARGET_NAME)";
				TEST_TARGET_NAME = CollectorNaivgation;
				USES_XCTRUNNER = YES;
			};
			name = Release;
		};
/* End XCBuildConfiguration section */

/* Begin XCConfigurationList section */
		6BC609DE1BFD8CFE00CF565C /* Build configuration list for PBXProject "CollectorNaivgation" */ = {
			isa = XCConfigurationList;
			buildConfigurations = (
				6BC60A0E1BFD8CFE00CF565C /* Debug */,
				6BC60A0F1BFD8CFE00CF565C /* Release */,
			);
			defaultConfigurationIsVisible = 0;
			defaultConfigurationName = Release;
		};
		6BC60A101BFD8CFE00CF565C /* Build configuration list for PBXNativeTarget "CollectorNaivgation" */ = {
			isa = XCConfigurationList;
			buildConfigurations = (
				6BC60A111BFD8CFE00CF565C /* Debug */,
				6BC60A121BFD8CFE00CF565C /* Release */,
			);
			defaultConfigurationIsVisible = 0;
			defaultConfigurationName = Release;
		};
		6BC60A131BFD8CFE00CF565C /* Build configuration list for PBXNativeTarget "CollectorNaivgationTests" */ = {
			isa = XCConfigurationList;
			buildConfigurations = (
				6BC60A141BFD8CFE00CF565C /* Debug */,
				6BC60A151BFD8CFE00CF565C /* Release */,
			);
			defaultConfigurationIsVisible = 0;
			defaultConfigurationName = Release;
		};
		6BC60A161BFD8CFE00CF565C /* Build configuration list for PBXNativeTarget "CollectorNaivgationUITests" */ = {
			isa = XCConfigurationList;
			buildConfigurations = (
				6BC60A171BFD8CFE00CF565C /* Debug */,
				6BC60A181BFD8CFE00CF565C /* Release */,
			);
			defaultConfigurationIsVisible = 0;
			defaultConfigurationName = Release;
		};
/* End XCConfigurationList section */
	};
	rootObject = 6BC609DB1BFD8CFE00CF565C /* Project object */;
}
